
Microsoft Visual Studio Solution File, Format Version 12.00
# Visual Studio Version 17
VisualStudioVersion = 17.11.35303.130
MinimumVisualStudioVersion = 10.0.40219.1
Project("{9A19103F-16F7-4668-BE54-9A1E7A4F7556}") = "WinUiBgTaskComponent", "WinUiBgTaskComponent\WinUiBgTaskComponent.csproj", "{F97B2303-C47D-4C0D-8476-4AB6752AB1D8}"
EndProject
Project("{9A19103F-16F7-4668-BE54-9A1E7A4F7556}") = "BgTaskComponent", "BgTaskComponent\BgTaskComponent.csproj", "{6248D869-7E06-4563-AA03-41678119046B}"
EndProject
Global
	GlobalSection(SolutionConfigurationPlatforms) = preSolution
		Debug|ARM64 = Debug|ARM64
		Debug|x64 = Debug|x64
		Debug|x86 = Debug|x86
		Release|ARM64 = Release|ARM64
		Release|x64 = Release|x64
		Release|x86 = Release|x86
	EndGlobalSection
	GlobalSection(ProjectConfigurationPlatforms) = postSolution
		{F97B2303-C47D-4C0D-8476-4AB6752AB1D8}.Debug|ARM64.ActiveCfg = Debug|ARM64
		{F97B2303-C47D-4C0D-8476-4AB6752AB1D8}.Debug|ARM64.Build.0 = Debug|ARM64
		{F97B2303-C47D-4C0D-8476-4AB6752AB1D8}.Debug|ARM64.Deploy.0 = Debug|ARM64
		{F97B2303-C47D-4C0D-8476-4AB6752AB1D8}.Debug|x64.ActiveCfg = Debug|x64
		{F97B2303-C47D-4C0D-8476-4AB6752AB1D8}.Debug|x64.Build.0 = Debug|x64
		{F97B2303-C47D-4C0D-8476-4AB6752AB1D8}.Debug|x64.Deploy.0 = Debug|x64
		{F97B2303-C47D-4C0D-8476-4AB6752AB1D8}.Debug|x86.ActiveCfg = Debug|x86
		{F97B2303-C47D-4C0D-8476-4AB6752AB1D8}.Debug|x86.Build.0 = Debug|x86
		{F97B2303-C47D-4C0D-8476-4AB6752AB1D8}.Debug|x86.Deploy.0 = Debug|x86
		{F97B2303-C47D-4C0D-8476-4AB6752AB1D8}.Release|ARM64.ActiveCfg = Release|ARM64
		{F97B2303-C47D-4C0D-8476-4AB6752AB1D8}.Release|ARM64.Build.0 = Release|ARM64
		{F97B2303-C47D-4C0D-8476-4AB6752AB1D8}.Release|ARM64.Deploy.0 = Release|ARM64
		{F97B2303-C47D-4C0D-8476-4AB6752AB1D8}.Release|x64.ActiveCfg = Release|x64
		{F97B2303-C47D-4C0D-8476-4AB6752AB1D8}.Release|x64.Build.0 = Release|x64
		{F97B2303-C47D-4C0D-8476-4AB6752AB1D8}.Release|x64.Deploy.0 = Release|x64
		{F97B2303-C47D-4C0D-8476-4AB6752AB1D8}.Release|x86.ActiveCfg = Release|x86
		{F97B2303-C47D-4C0D-8476-4AB6752AB1D8}.Release|x86.Build.0 = Release|x86
		{F97B2303-C47D-4C0D-8476-4AB6752AB1D8}.Release|x86.Deploy.0 = Release|x86
		{6248D869-7E06-4563-AA03-41678119046B}.Debug|ARM64.ActiveCfg = Debug|ARM64
		{6248D869-7E06-4563-AA03-41678119046B}.Debug|ARM64.Build.0 = Debug|ARM64
		{6248D869-7E06-4563-AA03-41678119046B}.Debug|x64.ActiveCfg = Debug|x64
		{6248D869-7E06-4563-AA03-41678119046B}.Debug|x64.Build.0 = Debug|x64
		{6248D869-7E06-4563-AA03-41678119046B}.Debug|x86.ActiveCfg = Debug|Any CPU
		{6248D869-7E06-4563-AA03-41678119046B}.Debug|x86.Build.0 = Debug|Any CPU
		{6248D869-7E06-4563-AA03-41678119046B}.Release|ARM64.ActiveCfg = Release|ARM64
		{6248D869-7E06-4563-AA03-41678119046B}.Release|ARM64.Build.0 = Release|ARM64
		{6248D869-7E06-4563-AA03-41678119046B}.Release|x64.ActiveCfg = Release|x64
		{6248D869-7E06-4563-AA03-41678119046B}.Release|x64.Build.0 = Release|x64
		{6248D869-7E06-4563-AA03-41678119046B}.Release|x86.ActiveCfg = Release|Any CPU
		{6248D869-7E06-4563-AA03-41678119046B}.Release|x86.Build.0 = Release|Any CPU
	EndGlobalSection
	GlobalSection(SolutionProperties) = preSolution
		HideSolutionNode = FALSE
	EndGlobalSection
	GlobalSection(ExtensibilityGlobals) = postSolution
		SolutionGuid = {CEC56456-4AC1-4436-86B8-912C2122D39C}
	EndGlobalSection
EndGlobal
